
Microsoft Visual Studio Solution File, Format Version 12.00
# Visual Studio Version 16
VisualStudioVersion = 16.0.34729.46
MinimumVisualStudioVersion = 10.0.40219.1
Project("{FAE04EC0-301F-11D3-BF4B-00C04F79EFBC}") = "Подготовка к экзамену инф", "Подготовка к экзамену инф.csproj", "{9EC9C6A5-A67F-4001-B54A-1D291857A769}"
EndProject
Global
	GlobalSection(SolutionConfigurationPlatforms) = preSolution
		Debug|Any CPU = Debug|Any CPU
		Release|Any CPU = Release|Any CPU
	EndGlobalSection
	GlobalSection(ProjectConfigurationPlatforms) = postSolution
		{9EC9C6A5-A67F-4001-B54A-1D291857A769}.Debug|Any CPU.ActiveCfg = Debug|Any CPU
		{9EC9C6A5-A67F-4001-B54A-1D291857A769}.Debug|Any CPU.Build.0 = Debug|Any CPU
		{9EC9C6A5-A67F-4001-B54A-1D291857A769}.Release|Any CPU.ActiveCfg = Release|Any CPU
		{9EC9C6A5-A67F-4001-B54A-1D291857A769}.Release|Any CPU.Build.0 = Release|Any CPU
	EndGlobalSection
	GlobalSection(SolutionProperties) = preSolution
		HideSolutionNode = FALSE
	EndGlobalSection
	GlobalSection(ExtensibilityGlobals) = postSolution
		SolutionGuid = {7CB64619-F375-4FCD-B8A7-D2412D554BA0}
	EndGlobalSection
EndGlobal
